
Microsoft Visual Studio Solution File, Format Version 12.00
# Visual Studio Version 16
VisualStudioVersion = 16.0.30114.105
MinimumVisualStudioVersion = 10.0.40219.1
Project("{FAE04EC0-301F-11D3-BF4B-00C04F79EFBC}") = "BlogAPI", "BlogAPI\BlogAPI.csproj", "{CEC22D90-8D44-453D-B22F-6D1CE206963E}"
EndProject
Project("{FAE04EC0-301F-11D3-BF4B-00C04F79EFBC}") = "BlogAPI.Tests", "BlogAPI.Tests\BlogAPI.Tests.csproj", "{C0DFC519-6F33-41E1-A26A-3E88B37BA58F}"
EndProject
Global
	GlobalSection(SolutionConfigurationPlatforms) = preSolution
		Debug|Any CPU = Debug|Any CPU
		Release|Any CPU = Release|Any CPU
	EndGlobalSection
	GlobalSection(SolutionProperties) = preSolution
		HideSolutionNode = FALSE
	EndGlobalSection
	GlobalSection(ProjectConfigurationPlatforms) = postSolution
		{CEC22D90-8D44-453D-B22F-6D1CE206963E}.Debug|Any CPU.ActiveCfg = Debug|Any CPU
		{CEC22D90-8D44-453D-B22F-6D1CE206963E}.Debug|Any CPU.Build.0 = Debug|Any CPU
		{CEC22D90-8D44-453D-B22F-6D1CE206963E}.Release|Any CPU.ActiveCfg = Release|Any CPU
		{CEC22D90-8D44-453D-B22F-6D1CE206963E}.Release|Any CPU.Build.0 = Release|Any CPU
		{C0DFC519-6F33-41E1-A26A-3E88B37BA58F}.Debug|Any CPU.ActiveCfg = Debug|Any CPU
		{C0DFC519-6F33-41E1-A26A-3E88B37BA58F}.Debug|Any CPU.Build.0 = Debug|Any CPU
		{C0DFC519-6F33-41E1-A26A-3E88B37BA58F}.Release|Any CPU.ActiveCfg = Release|Any CPU
		{C0DFC519-6F33-41E1-A26A-3E88B37BA58F}.Release|Any CPU.Build.0 = Release|Any CPU
	EndGlobalSection
EndGlobal
